
Microsoft Visual Studio Solution File, Format Version 12.00
# Visual Studio 2012
Project("{F184B08F-C81C-45F6-A57F-5ABD9991F28F}") = "MyWeatherSwitch", "MyWeatherSwitch\MyWeatherSwitch.vbproj", "{425C15A5-2B5A-4FB8-AF6E-F142160B335D}"
EndProject
Global
	GlobalSection(SolutionConfigurationPlatforms) = preSolution
		Debug|Any CPU = Debug|Any CPU
		Release|Any CPU = Release|Any CPU
	EndGlobalSection
	GlobalSection(ProjectConfigurationPlatforms) = postSolution
		{425C15A5-2B5A-4FB8-AF6E-F142160B335D}.Debug|Any CPU.ActiveCfg = Debug|Any CPU
		{425C15A5-2B5A-4FB8-AF6E-F142160B335D}.Debug|Any CPU.Build.0 = Debug|Any CPU
		{425C15A5-2B5A-4FB8-AF6E-F142160B335D}.Release|Any CPU.ActiveCfg = Release|Any CPU
		{425C15A5-2B5A-4FB8-AF6E-F142160B335D}.Release|Any CPU.Build.0 = Release|Any CPU
	EndGlobalSection
	GlobalSection(SolutionProperties) = preSolution
		HideSolutionNode = FALSE
	EndGlobalSection
EndGlobal
